
Microsoft Visual Studio Solution File, Format Version 12.00
# Visual Studio 2013
VisualStudioVersion = 12.0.40629.0
MinimumVisualStudioVersion = 10.0.40219.1
Project("{2150E333-8FDC-42A3-9474-1A3956D46DE8}") = "Solution Items", "Solution Items", "{92BF7A08-7496-4C9A-AE7E-78A5001C2B5B}"
	ProjectSection(SolutionItems) = preProject
		Package.cmd = Package.cmd
		Prius.Mocks.nuspec = Prius.Mocks.nuspec
		Prius.nuspec = Prius.nuspec
		readme.md = readme.md
		SharedVersion.cs = SharedVersion.cs
	EndProjectSection
EndProject
Project("{FAE04EC0-301F-11D3-BF4B-00C04F79EFBC}") = "Prius.Performance.Shared", "Prius.Performance.Shared\Prius.Performance.Shared.csproj", "{DD3846EA-A3BD-4E9B-8718-B35EE4EA5245}"
EndProject
Project("{FAE04EC0-301F-11D3-BF4B-00C04F79EFBC}") = "Prius.ORM.Net45", "Prius.ORM\Prius.ORM.Net45.csproj", "{7373D140-EE4B-49E1-97FE-4BCEA9EFC5AE}"
EndProject
Project("{FAE04EC0-301F-11D3-BF4B-00C04F79EFBC}") = "Prius.Contracts.Net45", "Prius.Contracts\Prius.Contracts.Net45.csproj", "{ABB21658-6682-4E95-B633-E19E60782070}"
EndProject
Project("{FAE04EC0-301F-11D3-BF4B-00C04F79EFBC}") = "Prius.Mocks.Net45", "Prius.Mocks\Prius.Mocks.Net45.csproj", "{9558E3A2-3255-4700-B717-AAE7B2E3F509}"
EndProject
Project("{FAE04EC0-301F-11D3-BF4B-00C04F79EFBC}") = "Prius.Performance.EntityFramework", "Prius.Performance.EntityFramework\Prius.Performance.EntityFramework.csproj", "{25812B48-4AED-48C4-B459-94B735E68E33}"
EndProject
Project("{FAE04EC0-301F-11D3-BF4B-00C04F79EFBC}") = "Prius.MySql.Net45", "Prius.MySql\Prius.MySql.Net45.csproj", "{96929FB6-0D7D-4818-8757-C3F234F9C43E}"
EndProject
Project("{FAE04EC0-301F-11D3-BF4B-00C04F79EFBC}") = "Prius.PostgreSql.Net45", "Prius.PostgreSql\Prius.PostgreSql.Net45.csproj", "{1BDAAD18-D16A-451A-88B0-E0840560FCCC}"
EndProject
Project("{FAE04EC0-301F-11D3-BF4B-00C04F79EFBC}") = "Prius.SqlServer.Net45", "Prius.SqlServer\Prius.SqlServer.Net45.csproj", "{1679AA2B-FA51-4E0F-8F4E-0AAF1BB38B09}"
EndProject
Global
	GlobalSection(SolutionConfigurationPlatforms) = preSolution
		Debug|Any CPU = Debug|Any CPU
		Release|Any CPU = Release|Any CPU
	EndGlobalSection
	GlobalSection(ProjectConfigurationPlatforms) = postSolution
		{DD3846EA-A3BD-4E9B-8718-B35EE4EA5245}.Debug|Any CPU.ActiveCfg = Debug|Any CPU
		{DD3846EA-A3BD-4E9B-8718-B35EE4EA5245}.Debug|Any CPU.Build.0 = Debug|Any CPU
		{DD3846EA-A3BD-4E9B-8718-B35EE4EA5245}.Release|Any CPU.ActiveCfg = Release|Any CPU
		{DD3846EA-A3BD-4E9B-8718-B35EE4EA5245}.Release|Any CPU.Build.0 = Release|Any CPU
		{7373D140-EE4B-49E1-97FE-4BCEA9EFC5AE}.Debug|Any CPU.ActiveCfg = Debug|Any CPU
		{7373D140-EE4B-49E1-97FE-4BCEA9EFC5AE}.Debug|Any CPU.Build.0 = Debug|Any CPU
		{7373D140-EE4B-49E1-97FE-4BCEA9EFC5AE}.Release|Any CPU.ActiveCfg = Release|Any CPU
		{7373D140-EE4B-49E1-97FE-4BCEA9EFC5AE}.Release|Any CPU.Build.0 = Release|Any CPU
		{ABB21658-6682-4E95-B633-E19E60782070}.Debug|Any CPU.ActiveCfg = Debug|Any CPU
		{ABB21658-6682-4E95-B633-E19E60782070}.Debug|Any CPU.Build.0 = Debug|Any CPU
		{ABB21658-6682-4E95-B633-E19E60782070}.Release|Any CPU.ActiveCfg = Release|Any CPU
		{ABB21658-6682-4E95-B633-E19E60782070}.Release|Any CPU.Build.0 = Release|Any CPU
		{9558E3A2-3255-4700-B717-AAE7B2E3F509}.Debug|Any CPU.ActiveCfg = Debug|Any CPU
		{9558E3A2-3255-4700-B717-AAE7B2E3F509}.Debug|Any CPU.Build.0 = Debug|Any CPU
		{9558E3A2-3255-4700-B717-AAE7B2E3F509}.Release|Any CPU.ActiveCfg = Release|Any CPU
		{9558E3A2-3255-4700-B717-AAE7B2E3F509}.Release|Any CPU.Build.0 = Release|Any CPU
		{25812B48-4AED-48C4-B459-94B735E68E33}.Debug|Any CPU.ActiveCfg = Debug|Any CPU
		{25812B48-4AED-48C4-B459-94B735E68E33}.Debug|Any CPU.Build.0 = Debug|Any CPU
		{25812B48-4AED-48C4-B459-94B735E68E33}.Release|Any CPU.ActiveCfg = Release|Any CPU
		{25812B48-4AED-48C4-B459-94B735E68E33}.Release|Any CPU.Build.0 = Release|Any CPU
		{96929FB6-0D7D-4818-8757-C3F234F9C43E}.Debug|Any CPU.ActiveCfg = Debug|Any CPU
		{96929FB6-0D7D-4818-8757-C3F234F9C43E}.Debug|Any CPU.Build.0 = Debug|Any CPU
		{96929FB6-0D7D-4818-8757-C3F234F9C43E}.Release|Any CPU.ActiveCfg = Release|Any CPU
		{96929FB6-0D7D-4818-8757-C3F234F9C43E}.Release|Any CPU.Build.0 = Release|Any CPU
		{1BDAAD18-D16A-451A-88B0-E0840560FCCC}.Debug|Any CPU.ActiveCfg = Debug|Any CPU
		{1BDAAD18-D16A-451A-88B0-E0840560FCCC}.Debug|Any CPU.Build.0 = Debug|Any CPU
		{1BDAAD18-D16A-451A-88B0-E0840560FCCC}.Release|Any CPU.ActiveCfg = Release|Any CPU
		{1BDAAD18-D16A-451A-88B0-E0840560FCCC}.Release|Any CPU.Build.0 = Release|Any CPU
		{1679AA2B-FA51-4E0F-8F4E-0AAF1BB38B09}.Debug|Any CPU.ActiveCfg = Debug|Any CPU
		{1679AA2B-FA51-4E0F-8F4E-0AAF1BB38B09}.Debug|Any CPU.Build.0 = Debug|Any CPU
		{1679AA2B-FA51-4E0F-8F4E-0AAF1BB38B09}.Release|Any CPU.ActiveCfg = Release|Any CPU
		{1679AA2B-FA51-4E0F-8F4E-0AAF1BB38B09}.Release|Any CPU.Build.0 = Release|Any CPU
	EndGlobalSection
	GlobalSection(SolutionProperties) = preSolution
		HideSolutionNode = FALSE
	EndGlobalSection
	GlobalSection(ExtensibilityGlobals) = postSolution
		EnterpriseLibraryConfigurationToolBinariesPath = packages\Unity.2.1.505.2\lib\NET35
	EndGlobalSection
EndGlobal
