
Microsoft Visual Studio Solution File, Format Version 12.00
# Visual Studio 2013
VisualStudioVersion = 12.0.40629.0
MinimumVisualStudioVersion = 10.0.40219.1
Project("{FAE04EC0-301F-11D3-BF4B-00C04F79EFBC}") = "Prius.Contracts.Net40", "Prius.Contracts\Prius.Contracts.Net40.csproj", "{12444D2D-5CCF-41B4-B515-AB42454A5A88}"
EndProject
Project("{FAE04EC0-301F-11D3-BF4B-00C04F79EFBC}") = "Prius.Mocks.Net40", "Prius.Mocks\Prius.Mocks.Net40.csproj", "{1D0C1219-DF33-4A4C-AF7E-65A33FDFE13F}"
EndProject
Project("{FAE04EC0-301F-11D3-BF4B-00C04F79EFBC}") = "Prius.Tests", "Prius.Tests\Prius.Tests.csproj", "{E88F49B2-BA4D-4509-9FAA-67A60618198B}"
EndProject
Project("{2150E333-8FDC-42A3-9474-1A3956D46DE8}") = "Solution Items", "Solution Items", "{92BF7A08-7496-4C9A-AE7E-78A5001C2B5B}"
	ProjectSection(SolutionItems) = preProject
		Package.cmd = Package.cmd
		paket.dependencies = paket.dependencies
		paket.lock = paket.lock
		Prius.Mocks.nuspec = Prius.Mocks.nuspec
		Prius.MySql.nuspec = Prius.MySql.nuspec
		Prius.nuspec = Prius.nuspec
		Prius.PostgreSql.nuspec = Prius.PostgreSql.nuspec
		Prius.SqLite.nuspec = Prius.SqLite.nuspec
		Prius.SqlServer.nuspec = Prius.SqlServer.nuspec
		readme.md = readme.md
		SharedVersion.cs = SharedVersion.cs
	EndProjectSection
EndProject
Project("{FAE04EC0-301F-11D3-BF4B-00C04F79EFBC}") = "Prius.Orm.Net40", "Prius.ORM\Prius.Orm.Net40.csproj", "{2D8713EB-1151-4114-8052-9C714FC8885F}"
EndProject
Project("{FAE04EC0-301F-11D3-BF4B-00C04F79EFBC}") = "Prius.Performance.Shared", "Prius.Performance.Shared\Prius.Performance.Shared.csproj", "{DD3846EA-A3BD-4E9B-8718-B35EE4EA5245}"
EndProject
Project("{FAE04EC0-301F-11D3-BF4B-00C04F79EFBC}") = "Prius.Performance.Dummy", "Prius.Performance.Dummy\Prius.Performance.Dummy.csproj", "{235FD817-4455-4A06-84F2-B2E4F97305E5}"
EndProject
Project("{FAE04EC0-301F-11D3-BF4B-00C04F79EFBC}") = "Prius.Performance.Prius", "Prius.Performance.Prius\Prius.Performance.Prius.csproj", "{69413137-79AB-4E45-B3A2-F1FB58B2CDA7}"
EndProject
Project("{FAE04EC0-301F-11D3-BF4B-00C04F79EFBC}") = "Prius.Performance.Ado", "Prius.Performance.Ado\Prius.Performance.Ado.csproj", "{F0FC82D5-37E8-4EF2-A24A-67F5D2D8B6BE}"
EndProject
Project("{FAE04EC0-301F-11D3-BF4B-00C04F79EFBC}") = "Prius.MySql.Net40", "Prius.MySql\Prius.MySql.Net40.csproj", "{6C6C396E-73EB-4578-ACDE-3AC36E802D27}"
EndProject
Project("{FAE04EC0-301F-11D3-BF4B-00C04F79EFBC}") = "Prius.PostgreSql.Net40", "Prius.PostgreSql\Prius.PostgreSql.Net40.csproj", "{E5436FEA-96AE-48BD-BAB0-EB28FAE7D960}"
EndProject
Project("{FAE04EC0-301F-11D3-BF4B-00C04F79EFBC}") = "Prius.SqlServer.Net40", "Prius.SqlServer\Prius.SqlServer.Net40.csproj", "{CE802F57-6697-41B9-8B27-937C0AAFA487}"
EndProject
Project("{FAE04EC0-301F-11D3-BF4B-00C04F79EFBC}") = "Prius.SQLite.Net40", "Prius.SQLite\Prius.SQLite.Net40.csproj", "{121FFC66-F424-45F3-8CF9-B7E366B310C5}"
EndProject
Project("{FAE04EC0-301F-11D3-BF4B-00C04F79EFBC}") = "UsersTestApp", "UsersTestApp\UsersTestApp.csproj", "{89FA9422-9A12-49CC-8202-46C0531163C5}"
EndProject
Project("{FAE04EC0-301F-11D3-BF4B-00C04F79EFBC}") = "UsersTestApp.Procedures", "UsersTestApp.Procedures\UsersTestApp.Procedures.csproj", "{8BDD56A8-EE9D-4E2F-8FCA-A007DB28BCD5}"
EndProject
Global
	GlobalSection(SolutionConfigurationPlatforms) = preSolution
		Debug|Any CPU = Debug|Any CPU
		Release|Any CPU = Release|Any CPU
	EndGlobalSection
	GlobalSection(ProjectConfigurationPlatforms) = postSolution
		{12444D2D-5CCF-41B4-B515-AB42454A5A88}.Debug|Any CPU.ActiveCfg = Debug|Any CPU
		{12444D2D-5CCF-41B4-B515-AB42454A5A88}.Debug|Any CPU.Build.0 = Debug|Any CPU
		{12444D2D-5CCF-41B4-B515-AB42454A5A88}.Release|Any CPU.ActiveCfg = Release|Any CPU
		{12444D2D-5CCF-41B4-B515-AB42454A5A88}.Release|Any CPU.Build.0 = Release|Any CPU
		{1D0C1219-DF33-4A4C-AF7E-65A33FDFE13F}.Debug|Any CPU.ActiveCfg = Debug|Any CPU
		{1D0C1219-DF33-4A4C-AF7E-65A33FDFE13F}.Debug|Any CPU.Build.0 = Debug|Any CPU
		{1D0C1219-DF33-4A4C-AF7E-65A33FDFE13F}.Release|Any CPU.ActiveCfg = Release|Any CPU
		{1D0C1219-DF33-4A4C-AF7E-65A33FDFE13F}.Release|Any CPU.Build.0 = Release|Any CPU
		{E88F49B2-BA4D-4509-9FAA-67A60618198B}.Debug|Any CPU.ActiveCfg = Debug|Any CPU
		{E88F49B2-BA4D-4509-9FAA-67A60618198B}.Debug|Any CPU.Build.0 = Debug|Any CPU
		{E88F49B2-BA4D-4509-9FAA-67A60618198B}.Release|Any CPU.ActiveCfg = Release|Any CPU
		{E88F49B2-BA4D-4509-9FAA-67A60618198B}.Release|Any CPU.Build.0 = Release|Any CPU
		{2D8713EB-1151-4114-8052-9C714FC8885F}.Debug|Any CPU.ActiveCfg = Debug|Any CPU
		{2D8713EB-1151-4114-8052-9C714FC8885F}.Debug|Any CPU.Build.0 = Debug|Any CPU
		{2D8713EB-1151-4114-8052-9C714FC8885F}.Release|Any CPU.ActiveCfg = Release|Any CPU
		{2D8713EB-1151-4114-8052-9C714FC8885F}.Release|Any CPU.Build.0 = Release|Any CPU
		{DD3846EA-A3BD-4E9B-8718-B35EE4EA5245}.Debug|Any CPU.ActiveCfg = Debug|Any CPU
		{DD3846EA-A3BD-4E9B-8718-B35EE4EA5245}.Debug|Any CPU.Build.0 = Debug|Any CPU
		{DD3846EA-A3BD-4E9B-8718-B35EE4EA5245}.Release|Any CPU.ActiveCfg = Release|Any CPU
		{DD3846EA-A3BD-4E9B-8718-B35EE4EA5245}.Release|Any CPU.Build.0 = Release|Any CPU
		{235FD817-4455-4A06-84F2-B2E4F97305E5}.Debug|Any CPU.ActiveCfg = Debug|Any CPU
		{235FD817-4455-4A06-84F2-B2E4F97305E5}.Debug|Any CPU.Build.0 = Debug|Any CPU
		{235FD817-4455-4A06-84F2-B2E4F97305E5}.Release|Any CPU.ActiveCfg = Release|Any CPU
		{235FD817-4455-4A06-84F2-B2E4F97305E5}.Release|Any CPU.Build.0 = Release|Any CPU
		{69413137-79AB-4E45-B3A2-F1FB58B2CDA7}.Debug|Any CPU.ActiveCfg = Debug|Any CPU
		{69413137-79AB-4E45-B3A2-F1FB58B2CDA7}.Debug|Any CPU.Build.0 = Debug|Any CPU
		{69413137-79AB-4E45-B3A2-F1FB58B2CDA7}.Release|Any CPU.ActiveCfg = Release|Any CPU
		{69413137-79AB-4E45-B3A2-F1FB58B2CDA7}.Release|Any CPU.Build.0 = Release|Any CPU
		{F0FC82D5-37E8-4EF2-A24A-67F5D2D8B6BE}.Debug|Any CPU.ActiveCfg = Debug|Any CPU
		{F0FC82D5-37E8-4EF2-A24A-67F5D2D8B6BE}.Debug|Any CPU.Build.0 = Debug|Any CPU
		{F0FC82D5-37E8-4EF2-A24A-67F5D2D8B6BE}.Release|Any CPU.ActiveCfg = Release|Any CPU
		{F0FC82D5-37E8-4EF2-A24A-67F5D2D8B6BE}.Release|Any CPU.Build.0 = Release|Any CPU
		{6C6C396E-73EB-4578-ACDE-3AC36E802D27}.Debug|Any CPU.ActiveCfg = Debug|Any CPU
		{6C6C396E-73EB-4578-ACDE-3AC36E802D27}.Debug|Any CPU.Build.0 = Debug|Any CPU
		{6C6C396E-73EB-4578-ACDE-3AC36E802D27}.Release|Any CPU.ActiveCfg = Release|Any CPU
		{6C6C396E-73EB-4578-ACDE-3AC36E802D27}.Release|Any CPU.Build.0 = Release|Any CPU
		{E5436FEA-96AE-48BD-BAB0-EB28FAE7D960}.Debug|Any CPU.ActiveCfg = Debug|Any CPU
		{E5436FEA-96AE-48BD-BAB0-EB28FAE7D960}.Debug|Any CPU.Build.0 = Debug|Any CPU
		{E5436FEA-96AE-48BD-BAB0-EB28FAE7D960}.Release|Any CPU.ActiveCfg = Release|Any CPU
		{E5436FEA-96AE-48BD-BAB0-EB28FAE7D960}.Release|Any CPU.Build.0 = Release|Any CPU
		{CE802F57-6697-41B9-8B27-937C0AAFA487}.Debug|Any CPU.ActiveCfg = Debug|Any CPU
		{CE802F57-6697-41B9-8B27-937C0AAFA487}.Debug|Any CPU.Build.0 = Debug|Any CPU
		{CE802F57-6697-41B9-8B27-937C0AAFA487}.Release|Any CPU.ActiveCfg = Release|Any CPU
		{CE802F57-6697-41B9-8B27-937C0AAFA487}.Release|Any CPU.Build.0 = Release|Any CPU
		{121FFC66-F424-45F3-8CF9-B7E366B310C5}.Debug|Any CPU.ActiveCfg = Debug|Any CPU
		{121FFC66-F424-45F3-8CF9-B7E366B310C5}.Debug|Any CPU.Build.0 = Debug|Any CPU
		{121FFC66-F424-45F3-8CF9-B7E366B310C5}.Release|Any CPU.ActiveCfg = Release|Any CPU
		{121FFC66-F424-45F3-8CF9-B7E366B310C5}.Release|Any CPU.Build.0 = Release|Any CPU
		{89FA9422-9A12-49CC-8202-46C0531163C5}.Debug|Any CPU.ActiveCfg = Debug|Any CPU
		{89FA9422-9A12-49CC-8202-46C0531163C5}.Debug|Any CPU.Build.0 = Debug|Any CPU
		{89FA9422-9A12-49CC-8202-46C0531163C5}.Release|Any CPU.ActiveCfg = Release|Any CPU
		{89FA9422-9A12-49CC-8202-46C0531163C5}.Release|Any CPU.Build.0 = Release|Any CPU
		{8BDD56A8-EE9D-4E2F-8FCA-A007DB28BCD5}.Debug|Any CPU.ActiveCfg = Debug|Any CPU
		{8BDD56A8-EE9D-4E2F-8FCA-A007DB28BCD5}.Debug|Any CPU.Build.0 = Debug|Any CPU
		{8BDD56A8-EE9D-4E2F-8FCA-A007DB28BCD5}.Release|Any CPU.ActiveCfg = Release|Any CPU
		{8BDD56A8-EE9D-4E2F-8FCA-A007DB28BCD5}.Release|Any CPU.Build.0 = Release|Any CPU
	EndGlobalSection
	GlobalSection(SolutionProperties) = preSolution
		HideSolutionNode = FALSE
	EndGlobalSection
	GlobalSection(ExtensibilityGlobals) = postSolution
		EnterpriseLibraryConfigurationToolBinariesPath = packages\Unity.2.1.505.2\lib\NET35
	EndGlobalSection
EndGlobal
